<?xml version="1.0" encoding="utf-8"?>
<Project ToolsVersion="4.0" xmlns="http://schemas.microsoft.com/developer/msbuild/2003">
  <ItemGroup>
    <Filter Include="Source Files">
      <UniqueIdentifier>{4FC737F1-C7A5-4376-A066-2A32D752A2FF}</UniqueIdentifier>
      <Extensions>cpp;c;cc;cxx;c++;cppm;ixx;def;odl;idl;hpj;bat;asm;asmx</Extensions>
    </Filter>
    <Filter Include="Header Files">
      <UniqueIdentifier>{93995380-89BD-4b04-88EB-625FBE52EBFB}</UniqueIdentifier>
      <Extensions>h;hh;hpp;hxx;h++;hm;inl;inc;ipp;xsd</Extensions>
    </Filter>
    <Filter Include="csdl">
      <UniqueIdentifier>{92d7c2d7-cfff-410d-9d33-a25b9ec5bc48}</UniqueIdentifier>
    </Filter>
    <Filter Include="dichvu">
      <UniqueIdentifier>{4d04a05f-8929-46df-8974-c1bc5bf49955}</UniqueIdentifier>
    </Filter>
    <Filter Include="giaodien">
      <UniqueIdentifier>{f7db664f-fd57-4a21-8320-27bfd5aa850b}</UniqueIdentifier>
    </Filter>
    <Filter Include="công cụ">
      <UniqueIdentifier>{3ba3e362-cb48-4cae-89c4-8a82d9f291fb}</UniqueIdentifier>
    </Filter>
    <Filter Include="log">
      <UniqueIdentifier>{5dfffd1d-8f67-4ac3-bf2c-e425ff29cd25}</UniqueIdentifier>
    </Filter>
    <Filter Include="tienich">
      <UniqueIdentifier>{61fd954c-0a2e-4445-bddf-ea9778ac2d04}</UniqueIdentifier>
    </Filter>
  </ItemGroup>
  <ItemGroup>
    <ClInclude Include="xuly_thongso_cuaso.h">
      <Filter>Header Files</Filter>
    </ClInclude>
    <ClInclude Include="cuaso.h">
      <Filter>Header Files</Filter>
    </ClInclude>
    <ClInclude Include="csdl.h">
      <Filter>csdl</Filter>
    </ClInclude>
    <ClInclude Include="giaodien.h">
      <Filter>giaodien</Filter>
    </ClInclude>
    <ClInclude Include="logic_giaodien.h">
      <Filter>giaodien</Filter>
    </ClInclude>
    <ClInclude Include="dv_csdl.h">
      <Filter>Header Files</Filter>
    </ClInclude>
    <ClInclude Include="chucnang_coban.h">
      <Filter>công cụ</Filter>
    </ClInclude>
    <ClInclude Include="log_nhalam.h">
      <Filter>log</Filter>
    </ClInclude>
    <ClInclude Include="csdl_thongbao.h">
      <Filter>dichvu</Filter>
    </ClInclude>
    <ClInclude Include="suawindow.h">
      <Filter>tienich</Filter>
    </ClInclude>
    <ClInclude Include="resource.h">
      <Filter>Header Files</Filter>
    </ClInclude>
  </ItemGroup>
  <ItemGroup>
    <ClCompile Include="xuly_thongso_cuaso.cpp">
      <Filter>Source Files</Filter>
    </ClCompile>
    <ClCompile Include="CL_PhanMem.cpp">
      <Filter>Source Files</Filter>
    </ClCompile>
    <ClCompile Include="csdl.cpp">
      <Filter>csdl</Filter>
    </ClCompile>
    <ClCompile Include="giaodien.cpp">
      <Filter>giaodien</Filter>
    </ClCompile>
    <ClCompile Include="logic_giaodien.cpp">
      <Filter>giaodien</Filter>
    </ClCompile>
    <ClCompile Include="dv_csdl.cpp">
      <Filter>Source Files</Filter>
    </ClCompile>
    <ClCompile Include="chucnang_coban.cpp">
      <Filter>công cụ</Filter>
    </ClCompile>
    <ClCompile Include="log_nhalam.cpp">
      <Filter>log</Filter>
    </ClCompile>
    <ClCompile Include="csdl_thongbao.cpp">
      <Filter>dichvu</Filter>
    </ClCompile>
    <ClCompile Include="suawindow.cpp">
      <Filter>tienich</Filter>
    </ClCompile>
  </ItemGroup>
  <ItemGroup>
    <ResourceCompile Include="AppCoBan.rc" />
  </ItemGroup>
  <ItemGroup>
    <Image Include="duck.ico" />
  </ItemGroup>
</Project>